
Microsoft Visual Studio Solution File, Format Version 12.00
# Visual Studio Version 17
VisualStudioVersion = 17.8.34316.72
MinimumVisualStudioVersion = 10.0.40219.1
Project("{FAE04EC0-301F-11D3-BF4B-00C04F79EFBC}") = "DynamicNeo4jObject", "DynamicNeo4jObject\DynamicNeo4jObject.csproj", "{07CFB1E7-46AF-413B-B613-073942C8E9B8}"
EndProject
Global
	GlobalSection(SolutionConfigurationPlatforms) = preSolution
		Debug|Any CPU = Debug|Any CPU
		Release|Any CPU = Release|Any CPU
	EndGlobalSection
	GlobalSection(ProjectConfigurationPlatforms) = postSolution
		{07CFB1E7-46AF-413B-B613-073942C8E9B8}.Debug|Any CPU.ActiveCfg = Debug|Any CPU
		{07CFB1E7-46AF-413B-B613-073942C8E9B8}.Debug|Any CPU.Build.0 = Debug|Any CPU
		{07CFB1E7-46AF-413B-B613-073942C8E9B8}.Release|Any CPU.ActiveCfg = Release|Any CPU
		{07CFB1E7-46AF-413B-B613-073942C8E9B8}.Release|Any CPU.Build.0 = Release|Any CPU
	EndGlobalSection
	GlobalSection(SolutionProperties) = preSolution
		HideSolutionNode = FALSE
	EndGlobalSection
	GlobalSection(ExtensibilityGlobals) = postSolution
		SolutionGuid = {913ECDE6-CAAA-4F4F-A549-EAF226EB4A0E}
	EndGlobalSection
EndGlobal
